
Microsoft Visual Studio Solution File, Format Version 12.00
# Visual Studio Version 16
VisualStudioVersion = 16.0.31410.357
MinimumVisualStudioVersion = 10.0.40219.1
Project("{FAE04EC0-301F-11D3-BF4B-00C04F79EFBC}") = "Mad Story (string management)", "Mad Story (string management).csproj", "{E985C86E-03DD-4107-837B-CF6C912A2063}"
EndProject
Global
	GlobalSection(SolutionConfigurationPlatforms) = preSolution
		Debug|Any CPU = Debug|Any CPU
		Release|Any CPU = Release|Any CPU
	EndGlobalSection
	GlobalSection(ProjectConfigurationPlatforms) = postSolution
		{E985C86E-03DD-4107-837B-CF6C912A2063}.Debug|Any CPU.ActiveCfg = Debug|Any CPU
		{E985C86E-03DD-4107-837B-CF6C912A2063}.Debug|Any CPU.Build.0 = Debug|Any CPU
		{E985C86E-03DD-4107-837B-CF6C912A2063}.Release|Any CPU.ActiveCfg = Release|Any CPU
		{E985C86E-03DD-4107-837B-CF6C912A2063}.Release|Any CPU.Build.0 = Release|Any CPU
	EndGlobalSection
	GlobalSection(SolutionProperties) = preSolution
		HideSolutionNode = FALSE
	EndGlobalSection
	GlobalSection(ExtensibilityGlobals) = postSolution
		SolutionGuid = {C25A2E67-A8C7-4CD6-B174-F748573102B9}
	EndGlobalSection
EndGlobal
